
Microsoft Visual Studio Solution File, Format Version 12.00
# Visual Studio Version 16
VisualStudioVersion = 16.0.30002.166
MinimumVisualStudioVersion = 10.0.40219.1
Project("{8BC9CEB8-8B4A-11D0-8D11-00A0C91BC942}") = "lab3", "lab3\lab3.vcxproj", "{000A04A1-8A9C-4C8D-A037-4F3C1E0AC81E}"
EndProject
Global
	GlobalSection(SolutionConfigurationPlatforms) = preSolution
		Debug|x64 = Debug|x64
		Debug|x86 = Debug|x86
		Release|x64 = Release|x64
		Release|x86 = Release|x86
	EndGlobalSection
	GlobalSection(ProjectConfigurationPlatforms) = postSolution
		{000A04A1-8A9C-4C8D-A037-4F3C1E0AC81E}.Debug|x64.ActiveCfg = Debug|x64
		{000A04A1-8A9C-4C8D-A037-4F3C1E0AC81E}.Debug|x64.Build.0 = Debug|x64
		{000A04A1-8A9C-4C8D-A037-4F3C1E0AC81E}.Debug|x86.ActiveCfg = Debug|Win32
		{000A04A1-8A9C-4C8D-A037-4F3C1E0AC81E}.Debug|x86.Build.0 = Debug|Win32
		{000A04A1-8A9C-4C8D-A037-4F3C1E0AC81E}.Release|x64.ActiveCfg = Release|x64
		{000A04A1-8A9C-4C8D-A037-4F3C1E0AC81E}.Release|x64.Build.0 = Release|x64
		{000A04A1-8A9C-4C8D-A037-4F3C1E0AC81E}.Release|x86.ActiveCfg = Release|Win32
		{000A04A1-8A9C-4C8D-A037-4F3C1E0AC81E}.Release|x86.Build.0 = Release|Win32
	EndGlobalSection
	GlobalSection(SolutionProperties) = preSolution
		HideSolutionNode = FALSE
	EndGlobalSection
	GlobalSection(ExtensibilityGlobals) = postSolution
		SolutionGuid = {75FB14E0-D796-4AF4-9144-21617046F57B}
	EndGlobalSection
EndGlobal
